
Microsoft Visual Studio Solution File, Format Version 12.00
# Visual Studio Version 16
VisualStudioVersion = 16.0.35826.135
MinimumVisualStudioVersion = 10.0.40219.1
Project("{FAE04EC0-301F-11D3-BF4B-00C04F79EFBC}") = "Question One", "Question One\Question One.csproj", "{5D870242-296A-4DA8-99E5-ED257C31A218}"
EndProject
Global
	GlobalSection(SolutionConfigurationPlatforms) = preSolution
		Debug|Any CPU = Debug|Any CPU
		Release|Any CPU = Release|Any CPU
	EndGlobalSection
	GlobalSection(ProjectConfigurationPlatforms) = postSolution
		{5D870242-296A-4DA8-99E5-ED257C31A218}.Debug|Any CPU.ActiveCfg = Debug|Any CPU
		{5D870242-296A-4DA8-99E5-ED257C31A218}.Debug|Any CPU.Build.0 = Debug|Any CPU
		{5D870242-296A-4DA8-99E5-ED257C31A218}.Release|Any CPU.ActiveCfg = Release|Any CPU
		{5D870242-296A-4DA8-99E5-ED257C31A218}.Release|Any CPU.Build.0 = Release|Any CPU
	EndGlobalSection
	GlobalSection(SolutionProperties) = preSolution
		HideSolutionNode = FALSE
	EndGlobalSection
	GlobalSection(ExtensibilityGlobals) = postSolution
		SolutionGuid = {86079932-E425-42CE-B576-1A9F8A16C138}
	EndGlobalSection
EndGlobal
